
Microsoft Visual Studio Solution File, Format Version 11.00
# Visual Studio 2010
Project("{FAE04EC0-301F-11D3-BF4B-00C04F79EFBC}") = "Sticks_abstract", "Sticks_abstract\Sticks_abstract.csproj", "{C84694EA-611E-4981-80EA-7771ED00C428}"
EndProject
Global
	GlobalSection(SolutionConfigurationPlatforms) = preSolution
		Debug|x86 = Debug|x86
		Release|x86 = Release|x86
	EndGlobalSection
	GlobalSection(ProjectConfigurationPlatforms) = postSolution
		{C84694EA-611E-4981-80EA-7771ED00C428}.Debug|x86.ActiveCfg = Debug|x86
		{C84694EA-611E-4981-80EA-7771ED00C428}.Debug|x86.Build.0 = Debug|x86
		{C84694EA-611E-4981-80EA-7771ED00C428}.Release|x86.ActiveCfg = Release|x86
		{C84694EA-611E-4981-80EA-7771ED00C428}.Release|x86.Build.0 = Release|x86
	EndGlobalSection
	GlobalSection(SolutionProperties) = preSolution
		HideSolutionNode = FALSE
	EndGlobalSection
EndGlobal
