
Microsoft Visual Studio Solution File, Format Version 11.00
# Visual Studio 2010
Project("{FAE04EC0-301F-11D3-BF4B-00C04F79EFBC}") = "MasterTemplate", "MasterTemplate\MasterTemplate.csproj", "{C8E01EA9-0449-4104-B476-EA0618F52226}"
EndProject
Global
	GlobalSection(SolutionConfigurationPlatforms) = preSolution
		Debug|Any CPU = Debug|Any CPU
		Release|Any CPU = Release|Any CPU
	EndGlobalSection
	GlobalSection(ProjectConfigurationPlatforms) = postSolution
		{C8E01EA9-0449-4104-B476-EA0618F52226}.Debug|Any CPU.ActiveCfg = Debug|Any CPU
		{C8E01EA9-0449-4104-B476-EA0618F52226}.Debug|Any CPU.Build.0 = Debug|Any CPU
		{C8E01EA9-0449-4104-B476-EA0618F52226}.Release|Any CPU.ActiveCfg = Release|Any CPU
		{C8E01EA9-0449-4104-B476-EA0618F52226}.Release|Any CPU.Build.0 = Release|Any CPU
	EndGlobalSection
	GlobalSection(SolutionProperties) = preSolution
		HideSolutionNode = FALSE
	EndGlobalSection
EndGlobal
